
Microsoft Visual Studio Solution File, Format Version 12.00
# Visual Studio Version 16
VisualStudioVersion = 16.0.30225.117
MinimumVisualStudioVersion = 10.0.40219.1
Project("{FAE04EC0-301F-11D3-BF4B-00C04F79EFBC}") = "ddmaster", "ddmaster.csproj", "{DE2A8CDD-C74C-42C9-99F3-4A548E0E1842}"
EndProject
Global
	GlobalSection(SolutionConfigurationPlatforms) = preSolution
		Debug|Any CPU = Debug|Any CPU
		Release|Any CPU = Release|Any CPU
	EndGlobalSection
	GlobalSection(ProjectConfigurationPlatforms) = postSolution
		{DE2A8CDD-C74C-42C9-99F3-4A548E0E1842}.Debug|Any CPU.ActiveCfg = Debug|Any CPU
		{DE2A8CDD-C74C-42C9-99F3-4A548E0E1842}.Debug|Any CPU.Build.0 = Debug|Any CPU
		{DE2A8CDD-C74C-42C9-99F3-4A548E0E1842}.Release|Any CPU.ActiveCfg = Release|Any CPU
		{DE2A8CDD-C74C-42C9-99F3-4A548E0E1842}.Release|Any CPU.Build.0 = Release|Any CPU
	EndGlobalSection
	GlobalSection(SolutionProperties) = preSolution
		HideSolutionNode = FALSE
	EndGlobalSection
	GlobalSection(ExtensibilityGlobals) = postSolution
		SolutionGuid = {C944177A-A3D2-4C14-B51A-F1C6F84BF5BF}
	EndGlobalSection
EndGlobal
